PODS:
  - Alamofire (5.2.0)
  - Device (3.1.2)
  - RSFontSizes (1.2.0):
    - Device (~> 3.1.2)
  - RSSwiftNetworking/AlamofireProvider (1.1.0):
    - Alamofire (= 5.2.0)
    - RSSwiftNetworking/Core
  - RSSwiftNetworking/Core (1.1.0)
  - Swifter (1.5.0)
  - SwiftLint (0.52.3)

DEPENDENCIES:
  - RSFontSizes (~> 1.2.0)
  - RSSwiftNetworking/AlamofireProvider (~> 1.1.0)
  - Swifter (~> 1.5.0)
  - SwiftLint (~> 0.52.3)

SPEC REPOS:
  trunk:
    - Alamofire
    - Device
    - RSFontSizes
    - RSSwiftNetworking
    - Swifter
    - SwiftLint

SPEC CHECKSUMS:
  Alamofire: c1ca147559e730bfb2182c8c7aafbdd90a867987
  Device: 62242076214c30fb5760174b3601cefafa70a481
  RSFontSizes: 78158061f9f6121c6715f746395b1d8390fcb18b
  RSSwiftNetworking: 64b76bc39cbce96cd34476a6ce97f2caa164f9ed
  Swifter: e71dd674404923d7f03ebb03f3f222d1c570bc8e
  SwiftLint: 76ec9c62ad369cff2937474cb34c9af3fa270b7b

PODFILE CHECKSUM: fbfe6cbafb140092c876088c67e2ca979844e793

COCOAPODS: 1.12.1
